
// !$*UTF8*$!
{
    archiveVersion = 1;
    classes = {
    };
    objectVersion = 46;
    objects = {

    /* Begin PBXProject section */
        08FB7793FE84155DC02AAC07 /* Project object */ = {
            isa = PBXProject;
            attributes = {
                LastUpgradeCheck = 1230;
            };
            buildConfigurationList = 1D6058900D05DD3D006BFB54 /* Build configuration list for PBXProject "ApplePie" */;
            compatibilityVersion = "Xcode 3.2";
            developmentRegion = English;
            hasScannedForEncodings = 0;
            knownRegions = (
                en,
            );
            mainGroup = 08FB7793FE84155DC02AAC07;
            productRefGroup = 1D60588D0D05DD3D006BFB54 /* Products */;
            projectDirPath = "";
            projectRoot = "";
            targets = (
                1D60588E0D05DD3D006BFB54 /* ApplePie */,
            );
        };
    /* End PBXProject section */

    };

    rootObject = 08FB7793FE84155DC02AAC07 /* Project object */;
}
